<?xml version="1.0"?>
<CONFIG>
  <ProjectOptions>
    <Version Value="9"/>
    <General>
      <MainUnit Value="0"/>
      <ResourceType Value="res"/>
      <UseXPManifest Value="True"/>
      <Icon Value="0"/>
      <ActiveWindowIndexAtStart Value="0"/>
    </General>
    <i18n>
      <EnableI18N LFM="False"/>
    </i18n>
    <VersionInfo>
      <StringTable ProductVersion=""/>
    </VersionInfo>
    <BuildModes Count="1" Active="Default">
      <Item1 Name="Default" Default="True"/>
    </BuildModes>
    <PublishOptions>
      <Version Value="2"/>
      <IncludeFileFilter Value="*.(pas|pp|inc|lfm|lpr|lrs|lpi|lpk|sh|xml)"/>
      <ExcludeFileFilter Value="*.(bak|ppu|o|so);*~;backup"/>
    </PublishOptions>
    <RunParams>
      <local>
        <FormatVersion Value="1"/>
        <LaunchingApplication Use="True" PathPlusParams="/usr/bin/xterm -T 'Lazarus Run Output' -e $(LazarusDir)/tools/runwait.sh $(TargetCmdLine)"/>
      </local>
    </RunParams>
    <RequiredPackages Count="2">
      <Item1>
        <PackageName Value="Ruby18LazLCL"/>
        <MinVersion Minor="9" Valid="True"/>
      </Item1>
      <Item2>
        <PackageName Value="LCL"/>
      </Item2>
    </RequiredPackages>
    <Units Count="10">
      <Unit0>
        <Filename Value="ppRuby18Sample.lpr"/>
        <IsPartOfProject Value="True"/>
        <UnitName Value="ppRuby18Sample"/>
        <UsageCount Value="30"/>
      </Unit0>
      <Unit1>
        <Filename Value="mainform.pas"/>
        <IsPartOfProject Value="True"/>
        <ComponentName Value="frmMain"/>
        <ResourceBaseClass Value="Form"/>
        <UnitName Value="MainForm"/>
        <EditorIndex Value="0"/>
        <WindowIndex Value="0"/>
        <TopLine Value="13"/>
        <CursorPos X="36" Y="9"/>
        <UsageCount Value="30"/>
        <Loaded Value="True"/>
        <LoadedDesigner Value="True"/>
      </Unit1>
      <Unit2>
        <Filename Value="../rb18script.pas"/>
        <UnitName Value="rb18Script"/>
        <EditorIndex Value="1"/>
        <WindowIndex Value="0"/>
        <TopLine Value="87"/>
        <CursorPos X="1" Y="96"/>
        <UsageCount Value="15"/>
        <Loaded Value="True"/>
      </Unit2>
      <Unit3>
        <Filename Value="../ruby18.pp"/>
        <UnitName Value="ruby18"/>
        <EditorIndex Value="3"/>
        <WindowIndex Value="0"/>
        <TopLine Value="1600"/>
        <CursorPos X="25" Y="1620"/>
        <UsageCount Value="15"/>
        <Loaded Value="True"/>
      </Unit3>
      <Unit4>
        <Filename Value="../rb18system.pp"/>
        <UnitName Value="rb18System"/>
        <EditorIndex Value="2"/>
        <WindowIndex Value="0"/>
        <TopLine Value="821"/>
        <CursorPos X="1" Y="844"/>
        <UsageCount Value="15"/>
        <Loaded Value="True"/>
      </Unit4>
      <Unit5>
        <Filename Value="../ruby18dynamic.pp"/>
        <UnitName Value="ruby18dynamic"/>
        <IsVisibleTab Value="True"/>
        <EditorIndex Value="4"/>
        <WindowIndex Value="0"/>
        <TopLine Value="230"/>
        <CursorPos X="38" Y="250"/>
        <UsageCount Value="13"/>
        <Loaded Value="True"/>
      </Unit5>
      <Unit6>
        <Filename Value="../../../../opt/src/freepascal/rtl/inc/dynlibs.pas"/>
        <UnitName Value="dynlibs"/>
        <EditorIndex Value="6"/>
        <WindowIndex Value="0"/>
        <TopLine Value="88"/>
        <CursorPos X="19" Y="115"/>
        <UsageCount Value="12"/>
        <Loaded Value="True"/>
      </Unit6>
      <Unit7>
        <Filename Value="../../../../opt/src/freepascal/rtl/unix/dynlibs.inc"/>
        <EditorIndex Value="7"/>
        <WindowIndex Value="0"/>
        <TopLine Value="38"/>
        <CursorPos X="3" Y="58"/>
        <UsageCount Value="12"/>
        <Loaded Value="True"/>
      </Unit7>
      <Unit8>
        <Filename Value="../../../../opt/src/freepascal/rtl/unix/dl.pp"/>
        <UnitName Value="dl"/>
        <EditorIndex Value="8"/>
        <WindowIndex Value="0"/>
        <TopLine Value="14"/>
        <CursorPos X="25" Y="20"/>
        <UsageCount Value="12"/>
        <Loaded Value="True"/>
      </Unit8>
      <Unit9>
        <Filename Value="../rb18classes.pp"/>
        <UnitName Value="rb18Classes"/>
        <EditorIndex Value="5"/>
        <WindowIndex Value="0"/>
        <TopLine Value="101"/>
        <CursorPos X="39" Y="113"/>
        <UsageCount Value="11"/>
        <Loaded Value="True"/>
      </Unit9>
    </Units>
    <JumpHistory Count="29" HistoryIndex="28">
      <Position1>
        <Filename Value="../ruby18.pp"/>
        <Caret Line="657" Column="1" TopLine="637"/>
      </Position1>
      <Position2>
        <Filename Value="../rb18classes.pp"/>
        <Caret Line="113" Column="19" TopLine="101"/>
      </Position2>
      <Position3>
        <Filename Value="../rb18script.pas"/>
        <Caret Line="98" Column="21" TopLine="88"/>
      </Position3>
      <Position4>
        <Filename Value="../rb18script.pas"/>
        <Caret Line="166" Column="12" TopLine="153"/>
      </Position4>
      <Position5>
        <Filename Value="../rb18script.pas"/>
        <Caret Line="9" Column="16" TopLine="1"/>
      </Position5>
      <Position6>
        <Filename Value="../ruby18.pp"/>
        <Caret Line="518" Column="1" TopLine="506"/>
      </Position6>
      <Position7>
        <Filename Value="../ruby18.pp"/>
        <Caret Line="1" Column="1" TopLine="1"/>
      </Position7>
      <Position8>
        <Filename Value="../ruby18.pp"/>
        <Caret Line="593" Column="1" TopLine="573"/>
      </Position8>
      <Position9>
        <Filename Value="../ruby18.pp"/>
        <Caret Line="1" Column="1" TopLine="1"/>
      </Position9>
      <Position10>
        <Filename Value="../ruby18.pp"/>
        <Caret Line="546" Column="26" TopLine="526"/>
      </Position10>
      <Position11>
        <Filename Value="../rb18system.pp"/>
        <Caret Line="1083" Column="23" TopLine="1060"/>
      </Position11>
      <Position12>
        <Filename Value="../rb18system.pp"/>
        <Caret Line="220" Column="12" TopLine="204"/>
      </Position12>
      <Position13>
        <Filename Value="../rb18system.pp"/>
        <Caret Line="151" Column="1" TopLine="133"/>
      </Position13>
      <Position14>
        <Filename Value="../rb18system.pp"/>
        <Caret Line="276" Column="1" TopLine="264"/>
      </Position14>
      <Position15>
        <Filename Value="../rb18system.pp"/>
        <Caret Line="286" Column="1" TopLine="274"/>
      </Position15>
      <Position16>
        <Filename Value="../rb18system.pp"/>
        <Caret Line="290" Column="21" TopLine="279"/>
      </Position16>
      <Position17>
        <Filename Value="../rb18system.pp"/>
        <Caret Line="322" Column="24" TopLine="311"/>
      </Position17>
      <Position18>
        <Filename Value="../rb18system.pp"/>
        <Caret Line="327" Column="28" TopLine="315"/>
      </Position18>
      <Position19>
        <Filename Value="../rb18system.pp"/>
        <Caret Line="341" Column="17" TopLine="324"/>
      </Position19>
      <Position20>
        <Filename Value="../rb18script.pas"/>
        <Caret Line="96" Column="3" TopLine="83"/>
      </Position20>
      <Position21>
        <Filename Value="../rb18script.pas"/>
        <Caret Line="173" Column="20" TopLine="153"/>
      </Position21>
      <Position22>
        <Filename Value="../rb18script.pas"/>
        <Caret Line="167" Column="22" TopLine="153"/>
      </Position22>
      <Position23>
        <Filename Value="../rb18system.pp"/>
        <Caret Line="947" Column="30" TopLine="929"/>
      </Position23>
      <Position24>
        <Filename Value="../rb18system.pp"/>
        <Caret Line="946" Column="40" TopLine="928"/>
      </Position24>
      <Position25>
        <Filename Value="../rb18system.pp"/>
        <Caret Line="910" Column="1" TopLine="905"/>
      </Position25>
      <Position26>
        <Filename Value="../rb18classes.pp"/>
        <Caret Line="113" Column="39" TopLine="101"/>
      </Position26>
      <Position27>
        <Filename Value="../ruby18.pp"/>
        <Caret Line="570" Column="11" TopLine="501"/>
      </Position27>
      <Position28>
        <Filename Value="../ruby18.pp"/>
        <Caret Line="1" Column="1" TopLine="1"/>
      </Position28>
      <Position29>
        <Filename Value="../ruby18.pp"/>
        <Caret Line="579" Column="24" TopLine="568"/>
      </Position29>
    </JumpHistory>
  </ProjectOptions>
  <CompilerOptions>
    <Version Value="9"/>
    <Target>
      <Filename Value="ppRuby18Sample"/>
    </Target>
    <SearchPaths>
      <IncludeFiles Value="$(ProjOutDir)"/>
      <UnitOutputDirectory Value="lib/$(TargetCPU)-$(TargetOS)"/>
    </SearchPaths>
    <CodeGeneration>
      <Checks>
        <IOChecks Value="True"/>
        <RangeChecks Value="True"/>
        <OverflowChecks Value="True"/>
        <StackChecks Value="True"/>
      </Checks>
      <Optimizations>
        <OptimizationLevel Value="2"/>
      </Optimizations>
    </CodeGeneration>
    <Linking>
      <Debugging>
        <GenerateDwarf Value="True"/>
        <UseExternalDbgSyms Value="True"/>
      </Debugging>
      <Options>
        <Win32>
          <GraphicApplication Value="True"/>
        </Win32>
      </Options>
    </Linking>
    <Other>
      <CompilerMessages>
        <UseMsgFile Value="True"/>
      </CompilerMessages>
      <CompilerPath Value="$(CompPath)"/>
    </Other>
  </CompilerOptions>
  <Debugging>
    <Exceptions Count="3">
      <Item1>
        <Name Value="EAbort"/>
      </Item1>
      <Item2>
        <Name Value="ECodetoolError"/>
      </Item2>
      <Item3>
        <Name Value="EFOpenError"/>
      </Item3>
    </Exceptions>
  </Debugging>
</CONFIG>
