<?xml version="1.0"?>
<CONFIG>
  <ProjectOptions>
    <Version Value="9"/>
    <General>
      <MainUnit Value="0"/>
      <ResourceType Value="res"/>
      <UseXPManifest Value="True"/>
      <Icon Value="0"/>
      <ActiveWindowIndexAtStart Value="0"/>
    </General>
    <i18n>
      <EnableI18N LFM="False"/>
    </i18n>
    <VersionInfo>
      <StringTable ProductVersion=""/>
    </VersionInfo>
    <BuildModes Count="1" Active="Default">
      <Item1 Name="Default" Default="True"/>
    </BuildModes>
    <PublishOptions>
      <Version Value="2"/>
      <IncludeFileFilter Value="*.(pas|pp|inc|lfm|lpr|lrs|lpi|lpk|sh|xml)"/>
      <ExcludeFileFilter Value="*.(bak|ppu|o|so);*~;backup"/>
    </PublishOptions>
    <RunParams>
      <local>
        <FormatVersion Value="1"/>
        <LaunchingApplication Use="True" PathPlusParams="/usr/bin/xterm -T 'Lazarus Run Output' -e $(LazarusDir)/tools/runwait.sh $(TargetCmdLine)"/>
      </local>
    </RunParams>
    <RequiredPackages Count="2">
      <Item1>
        <PackageName Value="Ruby18LazLCL"/>
        <MinVersion Minor="9" Valid="True"/>
      </Item1>
      <Item2>
        <PackageName Value="LCL"/>
      </Item2>
    </RequiredPackages>
    <Units Count="27">
      <Unit0>
        <Filename Value="ppRuby18Sample.lpr"/>
        <IsPartOfProject Value="True"/>
        <UnitName Value="ppRuby18Sample"/>
        <UsageCount Value="76"/>
      </Unit0>
      <Unit1>
        <Filename Value="mainform.pas"/>
        <IsPartOfProject Value="True"/>
        <ComponentName Value="frmMain"/>
        <ResourceBaseClass Value="Form"/>
        <UnitName Value="MainForm"/>
        <EditorIndex Value="0"/>
        <WindowIndex Value="0"/>
        <TopLine Value="1"/>
        <CursorPos X="54" Y="24"/>
        <UsageCount Value="76"/>
        <Loaded Value="True"/>
        <LoadedDesigner Value="True"/>
      </Unit1>
      <Unit2>
        <Filename Value="../rb18script.pp"/>
        <UnitName Value="rb18Script"/>
        <EditorIndex Value="1"/>
        <WindowIndex Value="0"/>
        <TopLine Value="153"/>
        <CursorPos X="35" Y="166"/>
        <UsageCount Value="37"/>
        <Loaded Value="True"/>
      </Unit2>
      <Unit3>
        <Filename Value="../ruby18.pp"/>
        <UnitName Value="ruby18"/>
        <WindowIndex Value="0"/>
        <TopLine Value="1600"/>
        <CursorPos X="25" Y="1620"/>
        <UsageCount Value="12"/>
      </Unit3>
      <Unit4>
        <Filename Value="../rb18system.pp"/>
        <UnitName Value="rb18System"/>
        <EditorIndex Value="2"/>
        <WindowIndex Value="0"/>
        <TopLine Value="249"/>
        <CursorPos X="1" Y="269"/>
        <UsageCount Value="37"/>
        <Loaded Value="True"/>
      </Unit4>
      <Unit5>
        <Filename Value="../ruby18dynamic.pp"/>
        <UnitName Value="ruby18dynamic"/>
        <IsVisibleTab Value="True"/>
        <EditorIndex Value="6"/>
        <WindowIndex Value="0"/>
        <TopLine Value="84"/>
        <CursorPos X="18" Y="108"/>
        <UsageCount Value="35"/>
        <Loaded Value="True"/>
      </Unit5>
      <Unit6>
        <Filename Value="../../../../opt/src/freepascal/rtl/inc/dynlibs.pas"/>
        <UnitName Value="dynlibs"/>
        <WindowIndex Value="0"/>
        <TopLine Value="88"/>
        <CursorPos X="19" Y="115"/>
        <UsageCount Value="9"/>
      </Unit6>
      <Unit7>
        <Filename Value="../../../../opt/src/freepascal/rtl/unix/dynlibs.inc"/>
        <WindowIndex Value="0"/>
        <TopLine Value="38"/>
        <CursorPos X="3" Y="58"/>
        <UsageCount Value="9"/>
      </Unit7>
      <Unit8>
        <Filename Value="../../../../opt/src/freepascal/rtl/unix/dl.pp"/>
        <UnitName Value="dl"/>
        <WindowIndex Value="0"/>
        <TopLine Value="14"/>
        <CursorPos X="25" Y="20"/>
        <UsageCount Value="9"/>
      </Unit8>
      <Unit9>
        <Filename Value="../rb18classes.pp"/>
        <UnitName Value="rb18Classes"/>
        <EditorIndex Value="7"/>
        <WindowIndex Value="0"/>
        <TopLine Value="1"/>
        <CursorPos X="65" Y="1"/>
        <UsageCount Value="33"/>
        <Loaded Value="True"/>
      </Unit9>
      <Unit10>
        <Filename Value="../ruby18lazlcl.pp"/>
        <UnitName Value="Ruby18LazLCL"/>
        <WindowIndex Value="0"/>
        <TopLine Value="1"/>
        <CursorPos X="1" Y="1"/>
        <UsageCount Value="7"/>
      </Unit10>
      <Unit11>
        <Filename Value="../rb18lazlclregister.pp"/>
        <UnitName Value="rb18LazLCLRegister"/>
        <WindowIndex Value="0"/>
        <TopLine Value="1"/>
        <CursorPos X="1" Y="1"/>
        <UsageCount Value="7"/>
      </Unit11>
      <Unit12>
        <Filename Value="../rb18lazsynregister.pp"/>
        <UnitName Value="rb18LazSynRegister"/>
        <WindowIndex Value="0"/>
        <TopLine Value="1"/>
        <CursorPos X="1" Y="1"/>
        <UsageCount Value="7"/>
      </Unit12>
      <Unit13>
        <Filename Value="../rb18syneditsource.pp"/>
        <UnitName Value="rb18SynEditSource"/>
        <WindowIndex Value="0"/>
        <TopLine Value="1"/>
        <CursorPos X="36" Y="4"/>
        <UsageCount Value="7"/>
      </Unit13>
      <Unit14>
        <Filename Value="../static/ruby18.pp"/>
        <UnitName Value="ruby18"/>
        <EditorIndex Value="5"/>
        <WindowIndex Value="0"/>
        <TopLine Value="521"/>
        <CursorPos X="44" Y="527"/>
        <UsageCount Value="32"/>
        <Loaded Value="True"/>
      </Unit14>
      <Unit15>
        <Filename Value="../../../../opt/src/freepascal/rtl/objpas/sysutils/sysutilh.inc"/>
        <WindowIndex Value="0"/>
        <TopLine Value="96"/>
        <CursorPos X="19" Y="108"/>
        <UsageCount Value="16"/>
      </Unit15>
      <Unit16>
        <Filename Value="../../../../opt/src/freepascal/rtl/objpas/sysutils/sysutils.inc"/>
        <WindowIndex Value="0"/>
        <TopLine Value="134"/>
        <CursorPos X="15" Y="150"/>
        <UsageCount Value="8"/>
      </Unit16>
      <Unit17>
        <Filename Value="../../../../opt/src/freepascal/rtl/inc/objpash.inc"/>
        <EditorIndex Value="4"/>
        <WindowIndex Value="0"/>
        <TopLine Value="171"/>
        <CursorPos X="8" Y="183"/>
        <UsageCount Value="22"/>
        <Loaded Value="True"/>
      </Unit17>
      <Unit18>
        <Filename Value="../../../../opt/src/freepascal/rtl/unix/classes.pp"/>
        <UnitName Value="Classes"/>
        <WindowIndex Value="0"/>
        <TopLine Value="1"/>
        <CursorPos X="8" Y="24"/>
        <UsageCount Value="14"/>
      </Unit18>
      <Unit19>
        <Filename Value="../../../../opt/src/freepascal/rtl/objpas/typinfo.pp"/>
        <UnitName Value="typinfo"/>
        <EditorIndex Value="3"/>
        <WindowIndex Value="0"/>
        <TopLine Value="248"/>
        <CursorPos X="21" Y="323"/>
        <UsageCount Value="24"/>
        <Loaded Value="True"/>
      </Unit19>
      <Unit20>
        <Filename Value="../../../../opt/src/lazarus/lcl/stdctrls.pp"/>
        <UnitName Value="StdCtrls"/>
        <WindowIndex Value="0"/>
        <TopLine Value="728"/>
        <CursorPos X="19" Y="740"/>
        <UsageCount Value="9"/>
      </Unit20>
      <Unit21>
        <Filename Value="../../../../opt/src/lazarus/lcl/controls.pp"/>
        <UnitName Value="Controls"/>
        <WindowIndex Value="0"/>
        <TopLine Value="1296"/>
        <CursorPos X="20" Y="1308"/>
        <UsageCount Value="9"/>
      </Unit21>
      <Unit22>
        <Filename Value="../../../../opt/src/lazarus/lcl/lclclasses.pp"/>
        <UnitName Value="LCLClasses"/>
        <WindowIndex Value="0"/>
        <TopLine Value="40"/>
        <CursorPos X="21" Y="45"/>
        <UsageCount Value="9"/>
      </Unit22>
      <Unit23>
        <Filename Value="../../../../opt/src/freepascal/rtl/objpas/classes/classesh.inc"/>
        <WindowIndex Value="0"/>
        <TopLine Value="108"/>
        <CursorPos X="3" Y="120"/>
        <UsageCount Value="10"/>
      </Unit23>
      <Unit24>
        <Filename Value="../../../../opt/src/lazarus/lcl/interfaces/qt/qtwsstdctrls.pp"/>
        <UnitName Value="QtWSStdCtrls"/>
        <WindowIndex Value="0"/>
        <TopLine Value="538"/>
        <CursorPos X="4" Y="550"/>
        <UsageCount Value="9"/>
      </Unit24>
      <Unit25>
        <Filename Value="../../../../opt/src/lazarus/lcl/forms.pp"/>
        <UnitName Value="Forms"/>
        <WindowIndex Value="0"/>
        <TopLine Value="1159"/>
        <CursorPos X="32" Y="1174"/>
        <UsageCount Value="9"/>
      </Unit25>
      <Unit26>
        <Filename Value="../../../../opt/src/freepascal/packages/fcl-base/src/custapp.pp"/>
        <UnitName Value="CustApp"/>
        <WindowIndex Value="0"/>
        <TopLine Value="23"/>
        <CursorPos X="32" Y="26"/>
        <UsageCount Value="9"/>
      </Unit26>
    </Units>
    <JumpHistory Count="29" HistoryIndex="28">
      <Position1>
        <Filename Value="../rb18classes.pp"/>
        <Caret Line="366" Column="17" TopLine="344"/>
      </Position1>
      <Position2>
        <Filename Value="../rb18system.pp"/>
        <Caret Line="779" Column="12" TopLine="761"/>
      </Position2>
      <Position3>
        <Filename Value="mainform.pas"/>
        <Caret Line="18" Column="18" TopLine="1"/>
      </Position3>
      <Position4>
        <Filename Value="../static/ruby18.pp"/>
        <Caret Line="574" Column="1" TopLine="554"/>
      </Position4>
      <Position5>
        <Filename Value="../static/ruby18.pp"/>
        <Caret Line="1" Column="1" TopLine="1"/>
      </Position5>
      <Position6>
        <Filename Value="../static/ruby18.pp"/>
        <Caret Line="44" Column="1" TopLine="22"/>
      </Position6>
      <Position7>
        <Filename Value="../rb18system.pp"/>
        <Caret Line="832" Column="1" TopLine="815"/>
      </Position7>
      <Position8>
        <Filename Value="mainform.pas"/>
        <Caret Line="18" Column="18" TopLine="1"/>
      </Position8>
      <Position9>
        <Filename Value="../rb18classes.pp"/>
        <Caret Line="394" Column="1" TopLine="378"/>
      </Position9>
      <Position10>
        <Filename Value="../rb18classes.pp"/>
        <Caret Line="1" Column="1" TopLine="1"/>
      </Position10>
      <Position11>
        <Filename Value="../rb18classes.pp"/>
        <Caret Line="407" Column="30" TopLine="384"/>
      </Position11>
      <Position12>
        <Filename Value="../rb18classes.pp"/>
        <Caret Line="396" Column="1" TopLine="270"/>
      </Position12>
      <Position13>
        <Filename Value="../rb18classes.pp"/>
        <Caret Line="398" Column="3" TopLine="382"/>
      </Position13>
      <Position14>
        <Filename Value="../rb18classes.pp"/>
        <Caret Line="407" Column="30" TopLine="383"/>
      </Position14>
      <Position15>
        <Filename Value="../rb18classes.pp"/>
        <Caret Line="407" Column="33" TopLine="383"/>
      </Position15>
      <Position16>
        <Filename Value="../rb18classes.pp"/>
        <Caret Line="407" Column="32" TopLine="383"/>
      </Position16>
      <Position17>
        <Filename Value="../rb18classes.pp"/>
        <Caret Line="414" Column="30" TopLine="391"/>
      </Position17>
      <Position18>
        <Filename Value="../rb18classes.pp"/>
        <Caret Line="398" Column="69" TopLine="391"/>
      </Position18>
      <Position19>
        <Filename Value="../rb18classes.pp"/>
        <Caret Line="404" Column="17" TopLine="392"/>
      </Position19>
      <Position20>
        <Filename Value="../rb18classes.pp"/>
        <Caret Line="421" Column="17" TopLine="402"/>
      </Position20>
      <Position21>
        <Filename Value="mainform.pas"/>
        <Caret Line="8" Column="34" TopLine="1"/>
      </Position21>
      <Position22>
        <Filename Value="../rb18script.pp"/>
        <Caret Line="166" Column="35" TopLine="153"/>
      </Position22>
      <Position23>
        <Filename Value="../rb18system.pp"/>
        <Caret Line="752" Column="14" TopLine="740"/>
      </Position23>
      <Position24>
        <Filename Value="../../../../opt/src/freepascal/rtl/objpas/typinfo.pp"/>
        <Caret Line="45" Column="46" TopLine="33"/>
      </Position24>
      <Position25>
        <Filename Value="../rb18system.pp"/>
        <Caret Line="751" Column="35" TopLine="740"/>
      </Position25>
      <Position26>
        <Filename Value="../../../../opt/src/freepascal/rtl/objpas/typinfo.pp"/>
        <Caret Line="323" Column="84" TopLine="305"/>
      </Position26>
      <Position27>
        <Filename Value="../rb18classes.pp"/>
        <Caret Line="438" Column="16" TopLine="426"/>
      </Position27>
      <Position28>
        <Filename Value="../static/ruby18.pp"/>
        <Caret Line="118" Column="1" TopLine="97"/>
      </Position28>
      <Position29>
        <Filename Value="../ruby18dynamic.pp"/>
        <Caret Line="245" Column="39" TopLine="124"/>
      </Position29>
    </JumpHistory>
  </ProjectOptions>
  <CompilerOptions>
    <Version Value="9"/>
    <Target>
      <Filename Value="ppRuby18Sample"/>
    </Target>
    <SearchPaths>
      <IncludeFiles Value="$(ProjOutDir)"/>
      <UnitOutputDirectory Value="lib/$(TargetCPU)-$(TargetOS)"/>
    </SearchPaths>
    <CodeGeneration>
      <Checks>
        <IOChecks Value="True"/>
        <RangeChecks Value="True"/>
        <OverflowChecks Value="True"/>
        <StackChecks Value="True"/>
      </Checks>
      <Optimizations>
        <OptimizationLevel Value="2"/>
      </Optimizations>
    </CodeGeneration>
    <Linking>
      <Debugging>
        <GenerateDwarf Value="True"/>
        <UseExternalDbgSyms Value="True"/>
      </Debugging>
      <Options>
        <Win32>
          <GraphicApplication Value="True"/>
        </Win32>
      </Options>
    </Linking>
    <Other>
      <CompilerMessages>
        <UseMsgFile Value="True"/>
      </CompilerMessages>
      <CompilerPath Value="$(CompPath)"/>
    </Other>
  </CompilerOptions>
  <Debugging>
    <Exceptions Count="3">
      <Item1>
        <Name Value="EAbort"/>
      </Item1>
      <Item2>
        <Name Value="ECodetoolError"/>
      </Item2>
      <Item3>
        <Name Value="EFOpenError"/>
      </Item3>
    </Exceptions>
  </Debugging>
</CONFIG>
