<?xml version="1.0"?>
<CONFIG>
  <ProjectOptions>
    <Version Value="9"/>
    <General>
      <MainUnit Value="0"/>
      <ResourceType Value="res"/>
      <UseXPManifest Value="True"/>
      <Icon Value="0"/>
      <ActiveWindowIndexAtStart Value="0"/>
    </General>
    <i18n>
      <EnableI18N LFM="False"/>
    </i18n>
    <VersionInfo>
      <StringTable ProductVersion=""/>
    </VersionInfo>
    <BuildModes Count="1" Active="Default">
      <Item1 Name="Default" Default="True"/>
    </BuildModes>
    <PublishOptions>
      <Version Value="2"/>
      <IncludeFileFilter Value="*.(pas|pp|inc|lfm|lpr|lrs|lpi|lpk|sh|xml)"/>
      <ExcludeFileFilter Value="*.(bak|ppu|o|so);*~;backup"/>
    </PublishOptions>
    <RunParams>
      <local>
        <FormatVersion Value="1"/>
        <LaunchingApplication PathPlusParams="/usr/bin/xterm -T 'Lazarus Run Output' -e $(LazarusDir)/tools/runwait.sh $(TargetCmdLine)"/>
      </local>
    </RunParams>
    <RequiredPackages Count="1">
      <Item1>
        <PackageName Value="LCL"/>
      </Item1>
    </RequiredPackages>
    <Units Count="6">
      <Unit0>
        <Filename Value="RubyDemo.lpr"/>
        <IsPartOfProject Value="True"/>
        <UnitName Value="RubyDemo"/>
        <WindowIndex Value="0"/>
        <TopLine Value="1"/>
        <CursorPos X="1" Y="1"/>
        <UsageCount Value="144"/>
      </Unit0>
      <Unit1>
        <Filename Value="mainform.pp"/>
        <IsPartOfProject Value="True"/>
        <ComponentName Value="frmMain"/>
        <ResourceBaseClass Value="Form"/>
        <UnitName Value="MainForm"/>
        <EditorIndex Value="0"/>
        <WindowIndex Value="0"/>
        <TopLine Value="1"/>
        <CursorPos X="1" Y="1"/>
        <UsageCount Value="144"/>
        <Loaded Value="True"/>
      </Unit1>
      <Unit2>
        <Filename Value="../ppruby.pp"/>
        <UnitName Value="ppRuby"/>
        <IsVisibleTab Value="True"/>
        <EditorIndex Value="1"/>
        <WindowIndex Value="0"/>
        <TopLine Value="839"/>
        <CursorPos X="141" Y="854"/>
        <UsageCount Value="74"/>
        <Loaded Value="True"/>
      </Unit2>
      <Unit3>
        <Filename Value="mainform.lfm"/>
        <WindowIndex Value="0"/>
        <TopLine Value="1"/>
        <CursorPos X="1" Y="1"/>
        <UsageCount Value="0"/>
        <DefaultSyntaxHighlighter Value="LFM"/>
      </Unit3>
      <Unit4>
        <Filename Value="../static/ruby18.pp"/>
        <UnitName Value="ruby18"/>
        <EditorIndex Value="2"/>
        <WindowIndex Value="0"/>
        <TopLine Value="629"/>
        <CursorPos X="1" Y="636"/>
        <UsageCount Value="52"/>
        <Loaded Value="True"/>
      </Unit4>
      <Unit5>
        <Filename Value="../doc/ppruby-ru.tex"/>
        <WindowIndex Value="0"/>
        <TopLine Value="22"/>
        <CursorPos X="1" Y="1"/>
        <UsageCount Value="4"/>
        <DefaultSyntaxHighlighter Value="None"/>
      </Unit5>
    </Units>
    <JumpHistory Count="30" HistoryIndex="29">
      <Position1>
        <Filename Value="../ppruby.pp"/>
        <Caret Line="375" Column="3" TopLine="370"/>
      </Position1>
      <Position2>
        <Filename Value="../ppruby.pp"/>
        <Caret Line="386" Column="1" TopLine="382"/>
      </Position2>
      <Position3>
        <Filename Value="../ppruby.pp"/>
        <Caret Line="55" Column="26" TopLine="43"/>
      </Position3>
      <Position4>
        <Filename Value="../static/ruby18.pp"/>
        <Caret Line="38" Column="1" TopLine="22"/>
      </Position4>
      <Position5>
        <Filename Value="../static/ruby18.pp"/>
        <Caret Line="1" Column="1" TopLine="1"/>
      </Position5>
      <Position6>
        <Filename Value="../ppruby.pp"/>
        <Caret Line="335" Column="70" TopLine="315"/>
      </Position6>
      <Position7>
        <Filename Value="../static/ruby18.pp"/>
        <Caret Line="683" Column="15" TopLine="672"/>
      </Position7>
      <Position8>
        <Filename Value="../static/ruby18.pp"/>
        <Caret Line="859" Column="25" TopLine="839"/>
      </Position8>
      <Position9>
        <Filename Value="../static/ruby18.pp"/>
        <Caret Line="1681" Column="26" TopLine="1661"/>
      </Position9>
      <Position10>
        <Filename Value="../static/ruby18.pp"/>
        <Caret Line="859" Column="10" TopLine="847"/>
      </Position10>
      <Position11>
        <Filename Value="../ppruby.pp"/>
        <Caret Line="752" Column="68" TopLine="732"/>
      </Position11>
      <Position12>
        <Filename Value="../ppruby.pp"/>
        <Caret Line="730" Column="1" TopLine="716"/>
      </Position12>
      <Position13>
        <Filename Value="../ppruby.pp"/>
        <Caret Line="196" Column="21" TopLine="174"/>
      </Position13>
      <Position14>
        <Filename Value="../ppruby.pp"/>
        <Caret Line="742" Column="1" TopLine="724"/>
      </Position14>
      <Position15>
        <Filename Value="../ppruby.pp"/>
        <Caret Line="66" Column="41" TopLine="43"/>
      </Position15>
      <Position16>
        <Filename Value="../ppruby.pp"/>
        <Caret Line="799" Column="2" TopLine="782"/>
      </Position16>
      <Position17>
        <Filename Value="../ppruby.pp"/>
        <Caret Line="64" Column="10" TopLine="52"/>
      </Position17>
      <Position18>
        <Filename Value="../ppruby.pp"/>
        <Caret Line="65" Column="20" TopLine="53"/>
      </Position18>
      <Position19>
        <Filename Value="../ppruby.pp"/>
        <Caret Line="813" Column="3" TopLine="789"/>
      </Position19>
      <Position20>
        <Filename Value="../ppruby.pp"/>
        <Caret Line="822" Column="27" TopLine="799"/>
      </Position20>
      <Position21>
        <Filename Value="../static/ruby18.pp"/>
        <Caret Line="506" Column="1" TopLine="497"/>
      </Position21>
      <Position22>
        <Filename Value="../ppruby.pp"/>
        <Caret Line="353" Column="68" TopLine="691"/>
      </Position22>
      <Position23>
        <Filename Value="../ppruby.pp"/>
        <Caret Line="749" Column="21" TopLine="739"/>
      </Position23>
      <Position24>
        <Filename Value="../ppruby.pp"/>
        <Caret Line="15" Column="38" TopLine="1"/>
      </Position24>
      <Position25>
        <Filename Value="../ppruby.pp"/>
        <Caret Line="798" Column="51" TopLine="782"/>
      </Position25>
      <Position26>
        <Filename Value="../static/ruby18.pp"/>
        <Caret Line="583" Column="1" TopLine="571"/>
      </Position26>
      <Position27>
        <Filename Value="../static/ruby18.pp"/>
        <Caret Line="1" Column="1" TopLine="1"/>
      </Position27>
      <Position28>
        <Filename Value="../ppruby.pp"/>
        <Caret Line="355" Column="59" TopLine="337"/>
      </Position28>
      <Position29>
        <Filename Value="../ppruby.pp"/>
        <Caret Line="761" Column="104" TopLine="755"/>
      </Position29>
      <Position30>
        <Filename Value="../ppruby.pp"/>
        <Caret Line="795" Column="40" TopLine="774"/>
      </Position30>
    </JumpHistory>
  </ProjectOptions>
  <CompilerOptions>
    <Version Value="9"/>
    <Target>
      <Filename Value="RubyDemo"/>
    </Target>
    <SearchPaths>
      <IncludeFiles Value="$(ProjOutDir)"/>
      <UnitOutputDirectory Value="lib/$(TargetCPU)-$(TargetOS)"/>
    </SearchPaths>
    <Linking>
      <Options>
        <Win32>
          <GraphicApplication Value="True"/>
        </Win32>
      </Options>
    </Linking>
    <Other>
      <CompilerPath Value="$(CompPath)"/>
    </Other>
  </CompilerOptions>
  <Debugging>
    <Exceptions Count="3">
      <Item1>
        <Name Value="EAbort"/>
      </Item1>
      <Item2>
        <Name Value="ECodetoolError"/>
      </Item2>
      <Item3>
        <Name Value="EFOpenError"/>
      </Item3>
    </Exceptions>
  </Debugging>
</CONFIG>
