<?xml version="1.0"?>
<CONFIG>
  <ProjectOptions>
    <Version Value="9"/>
    <General>
      <MainUnit Value="0"/>
      <ResourceType Value="res"/>
      <UseXPManifest Value="True"/>
      <Icon Value="0"/>
      <ActiveWindowIndexAtStart Value="0"/>
    </General>
    <i18n>
      <EnableI18N LFM="False"/>
    </i18n>
    <VersionInfo>
      <StringTable ProductVersion=""/>
    </VersionInfo>
    <BuildModes Count="1" Active="Default">
      <Item1 Name="Default" Default="True"/>
    </BuildModes>
    <PublishOptions>
      <Version Value="2"/>
      <IncludeFileFilter Value="*.(pas|pp|inc|lfm|lpr|lrs|lpi|lpk|sh|xml)"/>
      <ExcludeFileFilter Value="*.(bak|ppu|o|so);*~;backup"/>
    </PublishOptions>
    <RunParams>
      <local>
        <FormatVersion Value="1"/>
        <LaunchingApplication PathPlusParams="/usr/bin/xterm -T 'Lazarus Run Output' -e $(LazarusDir)/tools/runwait.sh $(TargetCmdLine)"/>
      </local>
    </RunParams>
    <RequiredPackages Count="1">
      <Item1>
        <PackageName Value="LCL"/>
      </Item1>
    </RequiredPackages>
    <Units Count="21">
      <Unit0>
        <Filename Value="RubyDemo.lpr"/>
        <IsPartOfProject Value="True"/>
        <UnitName Value="RubyDemo"/>
        <WindowIndex Value="0"/>
        <TopLine Value="1"/>
        <CursorPos X="1" Y="1"/>
        <UsageCount Value="200"/>
      </Unit0>
      <Unit1>
        <Filename Value="mainform.pp"/>
        <IsPartOfProject Value="True"/>
        <ComponentName Value="frmMain"/>
        <ResourceBaseClass Value="Form"/>
        <UnitName Value="MainForm"/>
        <EditorIndex Value="0"/>
        <WindowIndex Value="0"/>
        <TopLine Value="1"/>
        <CursorPos X="35" Y="8"/>
        <UsageCount Value="200"/>
        <Loaded Value="True"/>
      </Unit1>
      <Unit2>
        <Filename Value="../ppruby.pp"/>
        <UnitName Value="ppRuby"/>
        <EditorIndex Value="4"/>
        <WindowIndex Value="0"/>
        <TopLine Value="253"/>
        <CursorPos X="21" Y="1457"/>
        <UsageCount Value="100"/>
        <Loaded Value="True"/>
      </Unit2>
      <Unit3>
        <Filename Value="../static/ruby18.pp"/>
        <UnitName Value="ruby18"/>
        <EditorIndex Value="8"/>
        <WindowIndex Value="0"/>
        <TopLine Value="552"/>
        <CursorPos X="1" Y="574"/>
        <UsageCount Value="85"/>
        <Loaded Value="True"/>
      </Unit3>
      <Unit4>
        <Filename Value="../doc/ppruby-ru.tex"/>
        <WindowIndex Value="0"/>
        <TopLine Value="22"/>
        <CursorPos X="1" Y="1"/>
        <UsageCount Value="8"/>
        <DefaultSyntaxHighlighter Value="None"/>
      </Unit4>
      <Unit5>
        <Filename Value="../pprubyclasses.pp"/>
        <UnitName Value="ppRubyClasses"/>
        <EditorIndex Value="7"/>
        <WindowIndex Value="0"/>
        <TopLine Value="822"/>
        <CursorPos X="64" Y="832"/>
        <UsageCount Value="26"/>
        <Loaded Value="True"/>
      </Unit5>
      <Unit6>
        <Filename Value="../../../../opt/src/freepascal/rtl/objpas/classes/classesh.inc"/>
        <EditorIndex Value="3"/>
        <WindowIndex Value="0"/>
        <TopLine Value="1711"/>
        <CursorPos X="3" Y="1712"/>
        <UsageCount Value="14"/>
        <Loaded Value="True"/>
      </Unit6>
      <Unit7>
        <Filename Value="../../../../opt/src/freepascal/rtl/objpas/classes/persist.inc"/>
        <WindowIndex Value="0"/>
        <TopLine Value="56"/>
        <CursorPos X="18" Y="68"/>
        <UsageCount Value="7"/>
      </Unit7>
      <Unit8>
        <Filename Value="../../../../opt/src/freepascal/rtl/inc/objpash.inc"/>
        <WindowIndex Value="0"/>
        <TopLine Value="179"/>
        <CursorPos X="23" Y="192"/>
        <UsageCount Value="10"/>
      </Unit8>
      <Unit9>
        <Filename Value="../../../../opt/src/lazarus/lcl/fileutil.pas"/>
        <UnitName Value="FileUtil"/>
        <WindowIndex Value="0"/>
        <TopLine Value="73"/>
        <CursorPos X="48" Y="30"/>
        <UsageCount Value="9"/>
      </Unit9>
      <Unit10>
        <Filename Value="../../../../opt/src/lazarus/lcl/masks.pas"/>
        <UnitName Value="Masks"/>
        <WindowIndex Value="0"/>
        <TopLine Value="13"/>
        <CursorPos X="1" Y="1"/>
        <UsageCount Value="9"/>
      </Unit10>
      <Unit11>
        <Filename Value="../../../../opt/src/lazarus/lcl/forms.pp"/>
        <UnitName Value="Forms"/>
        <EditorIndex Value="1"/>
        <WindowIndex Value="0"/>
        <TopLine Value="144"/>
        <CursorPos X="38" Y="157"/>
        <UsageCount Value="15"/>
        <Loaded Value="True"/>
      </Unit11>
      <Unit12>
        <Filename Value="../../../../opt/src/lazarus/lcl/graphics.pp"/>
        <UnitName Value="Graphics"/>
        <WindowIndex Value="0"/>
        <TopLine Value="25"/>
        <CursorPos X="7" Y="42"/>
        <UsageCount Value="9"/>
      </Unit12>
      <Unit13>
        <Filename Value="../../../../opt/src/freepascal/packages/fcl-image/src/fpimage.pp"/>
        <UnitName Value="FPimage"/>
        <WindowIndex Value="0"/>
        <TopLine Value="10"/>
        <CursorPos X="1" Y="1"/>
        <UsageCount Value="9"/>
      </Unit13>
      <Unit14>
        <Filename Value="../../../../opt/src/freepascal/packages/fcl-image/src/fpreadjpeg.pas"/>
        <UnitName Value="FPReadJPEG"/>
        <WindowIndex Value="0"/>
        <TopLine Value="76"/>
        <CursorPos X="1" Y="1"/>
        <UsageCount Value="9"/>
      </Unit14>
      <Unit15>
        <Filename Value="../../../../opt/src/lazarus/lcl/controls.pp"/>
        <UnitName Value="Controls"/>
        <IsVisibleTab Value="True"/>
        <EditorIndex Value="2"/>
        <WindowIndex Value="0"/>
        <TopLine Value="1367"/>
        <CursorPos X="29" Y="1371"/>
        <UsageCount Value="15"/>
        <Loaded Value="True"/>
      </Unit15>
      <Unit16>
        <Filename Value="../../../../opt/src/lazarus/lcl/lclclasses.pp"/>
        <UnitName Value="LCLClasses"/>
        <WindowIndex Value="0"/>
        <TopLine Value="28"/>
        <CursorPos X="41" Y="52"/>
        <UsageCount Value="9"/>
      </Unit16>
      <Unit17>
        <Filename Value="../../../../opt/src/lazarus/lcl/widgetset/wslclclasses.pp"/>
        <UnitName Value="WSLCLClasses"/>
        <WindowIndex Value="0"/>
        <TopLine Value="54"/>
        <CursorPos X="3" Y="67"/>
        <UsageCount Value="9"/>
      </Unit17>
      <Unit18>
        <Filename Value="../pprubyforms.pp"/>
        <UnitName Value="ppRubyForms"/>
        <EditorIndex Value="5"/>
        <WindowIndex Value="0"/>
        <TopLine Value="23"/>
        <CursorPos X="1" Y="46"/>
        <UsageCount Value="14"/>
        <Loaded Value="True"/>
      </Unit18>
      <Unit19>
        <Filename Value="../../../../opt/src/freepascal/rtl/objpas/types.pp"/>
        <UnitName Value="types"/>
        <WindowIndex Value="0"/>
        <TopLine Value="28"/>
        <CursorPos X="3" Y="85"/>
        <UsageCount Value="13"/>
      </Unit19>
      <Unit20>
        <Filename Value="../pprubycontrols.pp"/>
        <UnitName Value="ppRubyControls"/>
        <EditorIndex Value="6"/>
        <WindowIndex Value="0"/>
        <TopLine Value="9"/>
        <CursorPos X="1" Y="30"/>
        <UsageCount Value="10"/>
        <Loaded Value="True"/>
      </Unit20>
    </Units>
    <JumpHistory Count="30" HistoryIndex="29">
      <Position1>
        <Filename Value="../../../../opt/src/lazarus/lcl/controls.pp"/>
        <Caret Line="1638" Column="26" TopLine="1629"/>
      </Position1>
      <Position2>
        <Filename Value="../../../../opt/src/lazarus/lcl/controls.pp"/>
        <Caret Line="864" Column="28" TopLine="851"/>
      </Position2>
      <Position3>
        <Filename Value="../pprubyforms.pp"/>
        <Caret Line="8" Column="27" TopLine="1"/>
      </Position3>
      <Position4>
        <Filename Value="../pprubyforms.pp"/>
        <Caret Line="10" Column="36" TopLine="1"/>
      </Position4>
      <Position5>
        <Filename Value="../pprubyforms.pp"/>
        <Caret Line="19" Column="5" TopLine="1"/>
      </Position5>
      <Position6>
        <Filename Value="../pprubyforms.pp"/>
        <Caret Line="8" Column="50" TopLine="1"/>
      </Position6>
      <Position7>
        <Filename Value="../pprubyforms.pp"/>
        <Caret Line="19" Column="25" TopLine="1"/>
      </Position7>
      <Position8>
        <Filename Value="../../../../opt/src/lazarus/lcl/forms.pp"/>
        <Caret Line="691" Column="22" TopLine="681"/>
      </Position8>
      <Position9>
        <Filename Value="../../../../opt/src/lazarus/lcl/forms.pp"/>
        <Caret Line="681" Column="33" TopLine="661"/>
      </Position9>
      <Position10>
        <Filename Value="../../../../opt/src/lazarus/lcl/forms.pp"/>
        <Caret Line="682" Column="32" TopLine="660"/>
      </Position10>
      <Position11>
        <Filename Value="../pprubyforms.pp"/>
        <Caret Line="11" Column="46" TopLine="1"/>
      </Position11>
      <Position12>
        <Filename Value="../pprubyforms.pp"/>
        <Caret Line="36" Column="23" TopLine="10"/>
      </Position12>
      <Position13>
        <Filename Value="../../../../opt/src/lazarus/lcl/forms.pp"/>
        <Caret Line="69" Column="3" TopLine="95"/>
      </Position13>
      <Position14>
        <Filename Value="../../../../opt/src/lazarus/lcl/forms.pp"/>
        <Caret Line="263" Column="3" TopLine="250"/>
      </Position14>
      <Position15>
        <Filename Value="../../../../opt/src/lazarus/lcl/forms.pp"/>
        <Caret Line="407" Column="3" TopLine="394"/>
      </Position15>
      <Position16>
        <Filename Value="../../../../opt/src/lazarus/lcl/forms.pp"/>
        <Caret Line="794" Column="3" TopLine="781"/>
      </Position16>
      <Position17>
        <Filename Value="../../../../opt/src/lazarus/lcl/forms.pp"/>
        <Caret Line="691" Column="3" TopLine="678"/>
      </Position17>
      <Position18>
        <Filename Value="../../../../opt/src/lazarus/lcl/forms.pp"/>
        <Caret Line="794" Column="3" TopLine="781"/>
      </Position18>
      <Position19>
        <Filename Value="../../../../opt/src/lazarus/lcl/forms.pp"/>
        <Caret Line="263" Column="3" TopLine="250"/>
      </Position19>
      <Position20>
        <Filename Value="../../../../opt/src/lazarus/lcl/forms.pp"/>
        <Caret Line="157" Column="3" TopLine="144"/>
      </Position20>
      <Position21>
        <Filename Value="../../../../opt/src/lazarus/lcl/forms.pp"/>
        <Caret Line="198" Column="3" TopLine="185"/>
      </Position21>
      <Position22>
        <Filename Value="../../../../opt/src/lazarus/lcl/forms.pp"/>
        <Caret Line="85" Column="3" TopLine="72"/>
      </Position22>
      <Position23>
        <Filename Value="../../../../opt/src/lazarus/lcl/forms.pp"/>
        <Caret Line="1174" Column="3" TopLine="1161"/>
      </Position23>
      <Position24>
        <Filename Value="../../../../opt/src/lazarus/lcl/forms.pp"/>
        <Caret Line="407" Column="32" TopLine="403"/>
      </Position24>
      <Position25>
        <Filename Value="../../../../opt/src/lazarus/lcl/forms.pp"/>
        <Caret Line="157" Column="38" TopLine="144"/>
      </Position25>
      <Position26>
        <Filename Value="../../../../opt/src/lazarus/lcl/controls.pp"/>
        <Caret Line="1999" Column="33" TopLine="1986"/>
      </Position26>
      <Position27>
        <Filename Value="../../../../opt/src/lazarus/lcl/controls.pp"/>
        <Caret Line="1638" Column="28" TopLine="1625"/>
      </Position27>
      <Position28>
        <Filename Value="../../../../opt/src/lazarus/lcl/controls.pp"/>
        <Caret Line="1257" Column="44" TopLine="1238"/>
      </Position28>
      <Position29>
        <Filename Value="../../../../opt/src/lazarus/lcl/controls.pp"/>
        <Caret Line="1371" Column="29" TopLine="1367"/>
      </Position29>
      <Position30>
        <Filename Value="../pprubyclasses.pp"/>
        <Caret Line="827" Column="3" TopLine="808"/>
      </Position30>
    </JumpHistory>
  </ProjectOptions>
  <CompilerOptions>
    <Version Value="9"/>
    <Target>
      <Filename Value="RubyDemo"/>
    </Target>
    <SearchPaths>
      <IncludeFiles Value="$(ProjOutDir)"/>
      <UnitOutputDirectory Value="lib/$(TargetCPU)-$(TargetOS)"/>
    </SearchPaths>
    <Linking>
      <Options>
        <Win32>
          <GraphicApplication Value="True"/>
        </Win32>
      </Options>
    </Linking>
    <Other>
      <CompilerPath Value="$(CompPath)"/>
    </Other>
  </CompilerOptions>
  <Debugging>
    <Exceptions Count="3">
      <Item1>
        <Name Value="EAbort"/>
      </Item1>
      <Item2>
        <Name Value="ECodetoolError"/>
      </Item2>
      <Item3>
        <Name Value="EFOpenError"/>
      </Item3>
    </Exceptions>
  </Debugging>
</CONFIG>
