<?xml version="1.0"?>
<CONFIG>
  <ProjectOptions>
    <Version Value="9"/>
    <General>
      <MainUnit Value="0"/>
      <ResourceType Value="res"/>
      <UseXPManifest Value="True"/>
      <Icon Value="0"/>
      <ActiveWindowIndexAtStart Value="0"/>
    </General>
    <i18n>
      <EnableI18N LFM="False"/>
    </i18n>
    <VersionInfo>
      <StringTable ProductVersion=""/>
    </VersionInfo>
    <BuildModes Count="1" Active="Default">
      <Item1 Name="Default" Default="True"/>
    </BuildModes>
    <PublishOptions>
      <Version Value="2"/>
      <IncludeFileFilter Value="*.(pas|pp|inc|lfm|lpr|lrs|lpi|lpk|sh|xml)"/>
      <ExcludeFileFilter Value="*.(bak|ppu|o|so);*~;backup"/>
    </PublishOptions>
    <RunParams>
      <local>
        <FormatVersion Value="1"/>
        <LaunchingApplication PathPlusParams="/usr/bin/xterm -T 'Lazarus Run Output' -e $(LazarusDir)/tools/runwait.sh $(TargetCmdLine)"/>
      </local>
    </RunParams>
    <RequiredPackages Count="3">
      <Item1>
        <PackageName Value="RubyLCL"/>
      </Item1>
      <Item2>
        <PackageName Value="RubyFCL"/>
      </Item2>
      <Item3>
        <PackageName Value="LCL"/>
      </Item3>
    </RequiredPackages>
    <Units Count="14">
      <Unit0>
        <Filename Value="RubyDemo.lpr"/>
        <IsPartOfProject Value="True"/>
        <UnitName Value="RubyDemo"/>
        <WindowIndex Value="0"/>
        <TopLine Value="1"/>
        <CursorPos X="1" Y="1"/>
        <UsageCount Value="200"/>
      </Unit0>
      <Unit1>
        <Filename Value="mainform.pp"/>
        <IsPartOfProject Value="True"/>
        <ComponentName Value="frmMain"/>
        <ResourceBaseClass Value="Form"/>
        <UnitName Value="MainForm"/>
        <WindowIndex Value="0"/>
        <TopLine Value="22"/>
        <CursorPos X="29" Y="47"/>
        <UsageCount Value="200"/>
      </Unit1>
      <Unit2>
        <Filename Value="../ppruby.pp"/>
        <UnitName Value="ppRuby"/>
        <EditorIndex Value="2"/>
        <WindowIndex Value="0"/>
        <TopLine Value="1016"/>
        <CursorPos X="10" Y="1081"/>
        <UsageCount Value="100"/>
        <Loaded Value="True"/>
      </Unit2>
      <Unit3>
        <Filename Value="../static/ruby18.pp"/>
        <UnitName Value="ruby18"/>
        <EditorIndex Value="5"/>
        <WindowIndex Value="0"/>
        <TopLine Value="550"/>
        <CursorPos X="1" Y="565"/>
        <UsageCount Value="113"/>
        <Loaded Value="True"/>
      </Unit3>
      <Unit4>
        <Filename Value="../pprubyclasses.pp"/>
        <UnitName Value="ppRubyClasses"/>
        <EditorIndex Value="4"/>
        <WindowIndex Value="0"/>
        <TopLine Value="922"/>
        <CursorPos X="1" Y="925"/>
        <UsageCount Value="83"/>
        <Loaded Value="True"/>
      </Unit4>
      <Unit5>
        <Filename Value="../../../../opt/src/freepascal/rtl/objpas/classes/classesh.inc"/>
        <WindowIndex Value="0"/>
        <TopLine Value="464"/>
        <CursorPos X="3" Y="469"/>
        <UsageCount Value="10"/>
      </Unit5>
      <Unit6>
        <Filename Value="../../../../opt/src/lazarus/lcl/forms.pp"/>
        <UnitName Value="Forms"/>
        <EditorIndex Value="0"/>
        <WindowIndex Value="0"/>
        <TopLine Value="1019"/>
        <CursorPos X="27" Y="1045"/>
        <UsageCount Value="72"/>
        <Loaded Value="True"/>
      </Unit6>
      <Unit7>
        <Filename Value="../../../../opt/src/lazarus/lcl/graphics.pp"/>
        <UnitName Value="Graphics"/>
        <WindowIndex Value="0"/>
        <TopLine Value="462"/>
        <CursorPos X="3" Y="476"/>
        <UsageCount Value="1"/>
      </Unit7>
      <Unit8>
        <Filename Value="../../../../opt/src/lazarus/lcl/controls.pp"/>
        <UnitName Value="Controls"/>
        <EditorIndex Value="1"/>
        <WindowIndex Value="0"/>
        <TopLine Value="671"/>
        <CursorPos X="3" Y="646"/>
        <UsageCount Value="72"/>
        <Loaded Value="True"/>
      </Unit8>
      <Unit9>
        <Filename Value="../pprubyforms.pp"/>
        <UnitName Value="ppRubyForms"/>
        <WindowIndex Value="0"/>
        <TopLine Value="1"/>
        <CursorPos X="53" Y="15"/>
        <UsageCount Value="12"/>
      </Unit9>
      <Unit10>
        <Filename Value="../../../../opt/src/freepascal/rtl/objpas/types.pp"/>
        <UnitName Value="types"/>
        <WindowIndex Value="0"/>
        <TopLine Value="28"/>
        <CursorPos X="3" Y="85"/>
        <UsageCount Value="2"/>
      </Unit10>
      <Unit11>
        <Filename Value="../pprubycontrols.pp"/>
        <UnitName Value="ppRubyControls"/>
        <IsVisibleTab Value="True"/>
        <EditorIndex Value="3"/>
        <WindowIndex Value="0"/>
        <TopLine Value="282"/>
        <CursorPos X="38" Y="298"/>
        <UsageCount Value="68"/>
        <Loaded Value="True"/>
      </Unit11>
      <Unit12>
        <Filename Value="../../../../opt/src/freepascal/rtl/objpas/typinfo.pp"/>
        <UnitName Value="typinfo"/>
        <WindowIndex Value="0"/>
        <TopLine Value="272"/>
        <CursorPos X="11" Y="286"/>
        <UsageCount Value="56"/>
      </Unit12>
      <Unit13>
        <Filename Value="../../../../opt/src/lazarus-ccr/components/geckoport/Components/GeckoBrowser.pas"/>
        <UnitName Value="GeckoBrowser"/>
        <WindowIndex Value="0"/>
        <TopLine Value="2254"/>
        <CursorPos X="1" Y="2282"/>
        <UsageCount Value="10"/>
      </Unit13>
    </Units>
    <JumpHistory Count="29" HistoryIndex="28">
      <Position1>
        <Filename Value="../ppruby.pp"/>
        <Caret Line="1022" Column="25" TopLine="997"/>
      </Position1>
      <Position2>
        <Filename Value="../ppruby.pp"/>
        <Caret Line="996" Column="22" TopLine="985"/>
      </Position2>
      <Position3>
        <Filename Value="../ppruby.pp"/>
        <Caret Line="347" Column="43" TopLine="333"/>
      </Position3>
      <Position4>
        <Filename Value="../ppruby.pp"/>
        <Caret Line="16" Column="1" TopLine="2"/>
      </Position4>
      <Position5>
        <Filename Value="../ppruby.pp"/>
        <Caret Line="2098" Column="4" TopLine="2037"/>
      </Position5>
      <Position6>
        <Filename Value="../ppruby.pp"/>
        <Caret Line="984" Column="17" TopLine="983"/>
      </Position6>
      <Position7>
        <Filename Value="../ppruby.pp"/>
        <Caret Line="990" Column="26" TopLine="965"/>
      </Position7>
      <Position8>
        <Filename Value="../ppruby.pp"/>
        <Caret Line="974" Column="10" TopLine="948"/>
      </Position8>
      <Position9>
        <Filename Value="../ppruby.pp"/>
        <Caret Line="421" Column="3" TopLine="407"/>
      </Position9>
      <Position10>
        <Filename Value="../ppruby.pp"/>
        <Caret Line="978" Column="1" TopLine="955"/>
      </Position10>
      <Position11>
        <Filename Value="../ppruby.pp"/>
        <Caret Line="184" Column="92" TopLine="183"/>
      </Position11>
      <Position12>
        <Filename Value="../ppruby.pp"/>
        <Caret Line="1749" Column="58" TopLine="1723"/>
      </Position12>
      <Position13>
        <Filename Value="../ppruby.pp"/>
        <Caret Line="282" Column="3" TopLine="268"/>
      </Position13>
      <Position14>
        <Filename Value="../ppruby.pp"/>
        <Caret Line="184" Column="35" TopLine="170"/>
      </Position14>
      <Position15>
        <Filename Value="../ppruby.pp"/>
        <Caret Line="1750" Column="31" TopLine="1728"/>
      </Position15>
      <Position16>
        <Filename Value="../ppruby.pp"/>
        <Caret Line="1731" Column="18" TopLine="1714"/>
      </Position16>
      <Position17>
        <Filename Value="../ppruby.pp"/>
        <Caret Line="1012" Column="22" TopLine="999"/>
      </Position17>
      <Position18>
        <Filename Value="../ppruby.pp"/>
        <Caret Line="1015" Column="53" TopLine="1001"/>
      </Position18>
      <Position19>
        <Filename Value="../ppruby.pp"/>
        <Caret Line="1057" Column="47" TopLine="1031"/>
      </Position19>
      <Position20>
        <Filename Value="../pprubyclasses.pp"/>
        <Caret Line="837" Column="3" TopLine="791"/>
      </Position20>
      <Position21>
        <Filename Value="../pprubyclasses.pp"/>
        <Caret Line="146" Column="11" TopLine="133"/>
      </Position21>
      <Position22>
        <Filename Value="../pprubycontrols.pp"/>
        <Caret Line="260" Column="63" TopLine="247"/>
      </Position22>
      <Position23>
        <Filename Value="../pprubycontrols.pp"/>
        <Caret Line="288" Column="30" TopLine="262"/>
      </Position23>
      <Position24>
        <Filename Value="../pprubycontrols.pp"/>
        <Caret Line="276" Column="49" TopLine="262"/>
      </Position24>
      <Position25>
        <Filename Value="../pprubycontrols.pp"/>
        <Caret Line="297" Column="20" TopLine="264"/>
      </Position25>
      <Position26>
        <Filename Value="../pprubycontrols.pp"/>
        <Caret Line="40" Column="48" TopLine="26"/>
      </Position26>
      <Position27>
        <Filename Value="../pprubycontrols.pp"/>
        <Caret Line="223" Column="26" TopLine="209"/>
      </Position27>
      <Position28>
        <Filename Value="../pprubycontrols.pp"/>
        <Caret Line="224" Column="26" TopLine="210"/>
      </Position28>
      <Position29>
        <Filename Value="../pprubyclasses.pp"/>
        <Caret Line="922" Column="46" TopLine="917"/>
      </Position29>
    </JumpHistory>
  </ProjectOptions>
  <CompilerOptions>
    <Version Value="9"/>
    <Target>
      <Filename Value="RubyDemo"/>
    </Target>
    <SearchPaths>
      <IncludeFiles Value="$(ProjOutDir)"/>
      <UnitOutputDirectory Value="lib/$(TargetCPU)-$(TargetOS)"/>
    </SearchPaths>
    <Linking>
      <Options>
        <Win32>
          <GraphicApplication Value="True"/>
        </Win32>
      </Options>
    </Linking>
    <Other>
      <CompilerPath Value="$(CompPath)"/>
    </Other>
  </CompilerOptions>
  <Debugging>
    <Exceptions Count="3">
      <Item1>
        <Name Value="EAbort"/>
      </Item1>
      <Item2>
        <Name Value="ECodetoolError"/>
      </Item2>
      <Item3>
        <Name Value="EFOpenError"/>
      </Item3>
    </Exceptions>
  </Debugging>
</CONFIG>
